version = 1
revision = 3
requires-python = ">=3.12"

[[package]]
name = "colorama"
version = "0.4.6"
source = { registry = "https://pypi.org/simple" }
sdist = { url = "https://files.pythonhosted.org/packages/d8/53/6f443c9a4a8358a93a6792e2acffb9d9d5cb0a5cfd8802644b7b1c9a02e4/colorama-0.4.6.tar.gz", hash = "sha256:08695f5cb7ed6e0531a20572697297273c47b8cae5a63ffc6d6ed5c201be6e44", size = 27697, upload-time = "2022-10-25T02:36:22.414Z" }
wheels = [
    { url = "https://files.pythonhosted.org/packages/d1/d6/3965ed04c63042e047cb6a3e6ed1a63a35087b6a609aa3a15ed8ac56c221/colorama-0.4.6-py2.py3-none-any.whl", hash = "sha256:4f1d9991f5acc0ca119f9d443620b77f9d6b33703e51011c16baf57afb285fc6", size = 25335, upload-time = "2022-10-25T02:36:20.889Z" },
]

[[package]]
name = "ctok"
version = "1.2.0"
source = { editable = "." }
dependencies = [
    { name = "regex" },
]

[package.dev-dependencies]
dev = [
    { name = "pytest" },
    { name = "pytest-xdist" },
    { name = "tabulate" },
]

[package.metadata]
requires-dist = [{ name = "regex", specifier = ">=2024.0.0" }]

[package.metadata.requires-dev]
dev = [
    { name = "pytest", specifier = ">=9.0.3" },
    { name = "pytest-xdist", specifier = ">=3.6" },
    { name = "tabulate", specifier = ">=0.10.0" },
]

[[package]]
name = "execnet"
version = "2.1.2"
source = { registry = "https://pypi.org/simple" }
sdist = { url = "https://files.pythonhosted.org/packages/bf/89/780e11f9588d9e7128a3f87788354c7946a9cbb1401ad38a48c4db9a4f07/execnet-2.1.2.tar.gz", hash = "sha256:63d83bfdd9a23e35b9c6a3261412324f964c2ec8dcd8d3c6916ee9373e0befcd", size = 166622, upload-time = "2025-11-12T09:56:37.75Z" }
wheels = [
    { url = "https://files.pythonhosted.org/packages/ab/84/02fc1827e8cdded4aa65baef11296a9bbe595c474f0d6d758af082d849fd/execnet-2.1.2-py3-none-any.whl", hash = "sha256:67fba928dd5a544b783f6056f449e5e3931a5c378b128bc18501f7ea79e296ec", size = 40708, upload-time = "2025-11-12T09:56:36.333Z" },
]

[[package]]
name = "iniconfig"
version = "2.3.0"
source = { registry = "https://pypi.org/simple" }
sdist = { url = "https://files.pythonhosted.org/packages/72/34/14ca021ce8e5dfedc35312d08ba8bf51fdd999c576889fc2c24cb97f4f10/iniconfig-2.3.0.tar.gz", hash = "sha256:c76315c77db068650d49c5b56314774a7804df16fee4402c1f19d6d15d8c4730", size = 20503, upload-time = "2025-10-18T21:55:43.219Z" }
wheels = [
    { url = "https://files.pythonhosted.org/packages/cb/b1/3846dd7f199d53cb17f49cba7e651e9ce294d8497c8c150530ed11865bb8/iniconfig-2.3.0-py3-none-any.whl", hash = "sha256:f631c04d2c48c52b84d0d0549c99ff3859c98df65b3101406327ecc7d53fbf12", size = 7484, upload-time = "2025-10-18T21:55:41.639Z" },
]

[[package]]
name = "packaging"
version = "26.2"
source = { registry = "https://pypi.org/simple" }
sdist = { url = "https://files.pythonhosted.org/packages/d7/f1/e7a6dd94a8d4a5626c03e4e99c87f241ba9e350cd9e6d75123f992427270/packaging-26.2.tar.gz", hash = "sha256:ff452ff5a3e828ce110190feff1178bb1f2ea2281fa2075aadb987c2fb221661", size = 228134, upload-time = "2026-04-24T20:15:23.917Z" }
wheels = [
    { url = "https://files.pythonhosted.org/packages/df/b2/87e62e8c3e2f4b32e5fe99e0b86d576da1312593b39f47d8ceef365e95ed/packaging-26.2-py3-none-any.whl", hash = "sha256:5fc45236b9446107ff2415ce77c807cee2862cb6fac22b8a73826d0693b0980e", size = 100195, upload-time = "2026-04-24T20:15:22.081Z" },
]

[[package]]
name = "pluggy"
version = "1.6.0"
source = { registry = "https://pypi.org/simple" }
sdist = { url = "https://files.pythonhosted.org/packages/f9/e2/3e91f31a7d2b083fe6ef3fa267035b518369d9511ffab804f839851d2779/pluggy-1.6.0.tar.gz", hash = "sha256:7dcc130b76258d33b90f61b658791dede3486c3e6bfb003ee5c9bfb396dd22f3", size = 69412, upload-time = "2025-05-15T12:30:07.975Z" }
wheels = [
    { url = "https://files.pythonhosted.org/packages/54/20/4d324d65cc6d9205fabedc306948156824eb9f0ee1633355a8f7ec5c66bf/pluggy-1.6.0-py3-none-any.whl", hash = "sha256:e920276dd6813095e9377c0bc5566d94c932c33b27a3e3945d8389c374dd4746", size = 20538, upload-time = "2025-05-15T12:30:06.134Z" },
]

[[package]]
name = "pygments"
version = "2.20.0"
source = { registry = "https://pypi.org/simple" }
sdist = { url = "https://files.pythonhosted.org/packages/c3/b2/bc9c9196916376152d655522fdcebac55e66de6603a76a02bca1b6414f6c/pygments-2.20.0.tar.gz", hash = "sha256:6757cd03768053ff99f3039c1a36d6c0aa0b263438fcab17520b30a303a82b5f", size = 4955991, upload-time = "2026-03-29T13:29:33.898Z" }
wheels = [
    { url = "https://files.pythonhosted.org/packages/f4/7e/a72dd26f3b0f4f2bf1dd8923c85f7ceb43172af56d63c7383eb62b332364/pygments-2.20.0-py3-none-any.whl", hash = "sha256:81a9e26dd42fd28a23a2d169d86d7ac03b46e2f8b59ed4698fb4785f946d0176", size = 1231151, upload-time = "2026-03-29T13:29:30.038Z" },
]

[[package]]
name = "pytest"
version = "9.1.1"
source = { registry = "https://pypi.org/simple" }
dependencies = [
    { name = "colorama", marker = "sys_platform == 'win32'" },
    { name = "iniconfig" },
    { name = "packaging" },
    { name = "pluggy" },
    { name = "pygments" },
]
sdist = { url = "https://files.pythonhosted.org/packages/e4/47/b9efed96c114afcfa3c9d3fe98a76a1d14c74a9e266d397cf6eb64be5e01/pytest-9.1.1.tar.gz", hash = "sha256:1088fbde8f2b49d95a549a195707afa7a76a3ce9bcadc26b6d71f0ffda5fe313", size = 1636369, upload-time = "2026-06-19T10:58:32.857Z" }
wheels = [
    { url = "https://files.pythonhosted.org/packages/24/25/1de2678b631f5a49215c6c96fff41ba892b0a34df68d6d80292b1b48aa7f/pytest-9.1.1-py3-none-any.whl", hash = "sha256:37a86b45efb9a47a61a36449063e8e18d0cab3161329fc099eb21783169c4f0c", size = 386536, upload-time = "2026-06-19T10:58:31.347Z" },
]

[[package]]
name = "pytest-xdist"
version = "3.8.0"
source = { registry = "https://pypi.org/simple" }
dependencies = [
    { name = "execnet" },
    { name = "pytest" },
]
sdist = { url = "https://files.pythonhosted.org/packages/78/b4/439b179d1ff526791eb921115fca8e44e596a13efeda518b9d845a619450/pytest_xdist-3.8.0.tar.gz", hash = "sha256:7e578125ec9bc6050861aa93f2d59f1d8d085595d6551c2c90b6f4fad8d3a9f1", size = 88069, upload-time = "2025-07-01T13:30:59.346Z" }
wheels = [
    { url = "https://files.pythonhosted.org/packages/ca/31/d4e37e9e550c2b92a9cbc2e4d0b7420a27224968580b5a447f420847c975/pytest_xdist-3.8.0-py3-none-any.whl", hash = "sha256:202ca578cfeb7370784a8c33d6d05bc6e13b4f25b5053c30a152269fd10f0b88", size = 46396, upload-time = "2025-07-01T13:30:56.632Z" },
]

[[package]]
name = "regex"
version = "2026.8.31"
source = { registry = "https://pypi.org/simple" }
sdist = { url = "https://files.pythonhosted.org/packages/61/d8/9c23ec31d4973d7b41a99f45c7aa9aa65c7c4313d5c0463aafdb8fe05dd7/regex-2026.8.31.tar.gz", hash = "sha256:9350fd448a6442ae27853ab9d4b8d5a0bcb6d7774923a4fdfddd104c4458b35f", size = 416646, upload-time = "2026-08-30T21:53:47.227Z" }
wheels = [
    { url = "https://files.pythonhosted.org/packages/34/39/d939bd3a78c5b64e355067712a9b9ba0691ef1aab6526e9094f728369778/regex-2026.8.31-cp312-cp312-macosx_10_13_universal2.whl", hash = "sha256:a1c9cd392daa08d3a3d5b663443a08071f4efbc1476f902142d51a229c60e852", size = 496710, upload-time = "2026-08-30T21:51:16.757Z" },
    { url = "https://files.pythonhosted.org/packages/ab/e9/354ec1887e772beb7955413cd4c30cafba5ae73ab441dd9d730458ddeb35/regex-2026.8.31-cp312-cp312-macosx_10_13_x86_64.whl", hash = "sha256:1930ade186f2b519fe9c4bdfd3a77410e469bd91423a995888b91f3beb12679b", size = 297026, upload-time = "2026-08-30T21:51:18.164Z" },
    { url = "https://files.pythonhosted.org/packages/ac/07/4159b92a3318e7e45651808ad38e81581ad82bc3d66375e1c112cfd47e08/regex-2026.8.31-cp312-cp312-macosx_11_0_arm64.whl", hash = "sha256:caa959da9bb21394131eaf5c57698b47926ebada98c6796cfb4e754a52de001f", size = 292023, upload-time = "2026-08-30T21:51:19.655Z" },
    { url = "https://files.pythonhosted.org/packages/23/8c/35c1bb262619a474b1fb304e7a2ced4e8f5b7fed8f97051fa490b4696d8b/regex-2026.8.31-cp312-cp312-manylinux2014_aarch64.manylinux_2_17_aarch64.manylinux_2_28_aarch64.whl", hash = "sha256:c9c7a13d018f4f84503986564a543c2f7657a4bec4895f2c2cc584fb09d7429b", size = 796102, upload-time = "2026-08-30T21:51:21.408Z" },
    { url = "https://files.pythonhosted.org/packages/a8/70/1753f1cca7be4ce6cf03243b88e9a80cc932fe4835b14d7fee0041ea25f4/regex-2026.8.31-cp312-cp312-manylinux2014_ppc64le.manylinux_2_17_ppc64le.manylinux_2_28_ppc64le.whl", hash = "sha256:38179404d70581402831c2c0de0c8ec3483d272beab2244095cb09b4eeb30ef7", size = 865437, upload-time = "2026-08-30T21:51:23.12Z" },
    { url = "https://files.pythonhosted.org/packages/ce/1d/04ed36f765e205f7b63d24b6b49e1ab05e9250c9e60ad8d6705bbd220211/regex-2026.8.31-cp312-cp312-manylinux2014_s390x.manylinux_2_17_s390x.manylinux_2_28_s390x.whl", hash = "sha256:c9ba0b56ca6547e238323452178e5d9889886c99cdd17a4333d026f3c84471c5", size = 911852, upload-time = "2026-08-30T21:51:24.619Z" },
    { url = "https://files.pythonhosted.org/packages/ea/83/7f51ce519cab3f44e026122afed7fb27f9cd06e37eeff421888cbf88e50a/regex-2026.8.31-cp312-cp312-manylinux2014_x86_64.manylinux_2_17_x86_64.manylinux_2_28_x86_64.whl", hash = "sha256:9fe2540d8da1bbf12f7c1b909a9ae47c2b343fa2a2084280c21ead1c9fb0e6f7", size = 801980, upload-time = "2026-08-30T21:51:26.25Z" },
    { url = "https://files.pythonhosted.org/packages/5c/7c/20f66f5142f84a80ec5bccab352ed5e92aaabb35f68c4abb89e047ffbebe/regex-2026.8.31-cp312-cp312-manylinux_2_31_riscv64.manylinux_2_39_riscv64.whl", hash = "sha256:0abb98dd76a3ffe3b401fe93aadac135ecd6ba4a71d7b4be4a333de8d691e834", size = 776069, upload-time = "2026-08-30T21:51:28.402Z" },
    { url = "https://files.pythonhosted.org/packages/af/5c/bf2079993c2e1c8f2b7d5112d06b2bcefc8b274502984fa1d5a97b4ea3e3/regex-2026.8.31-cp312-cp312-musllinux_1_2_aarch64.whl", hash = "sha256:deab998bd9314f7e93f519d3f62f1fd9e83a2db654f579cadac3968fbc1b5976", size = 785064, upload-time = "2026-08-30T21:51:30.41Z" },
    { url = "https://files.pythonhosted.org/packages/06/ae/ff4afdd1cbbef901b2c09f421bf66fe2c5843540fba27cfa8b3dd959146d/regex-2026.8.31-cp312-cp312-musllinux_1_2_ppc64le.whl", hash = "sha256:722c2dba81c28494dae77f06c0fd33f0ad215e1b7cc6e2b0f3bad36656413f84", size = 860557, upload-time = "2026-08-30T21:51:32.083Z" },
    { url = "https://files.pythonhosted.org/packages/1f/91/967638e89cc70d1fbb00d3b38231189d5d99d5f132dd874c8011b5ecfbff/regex-2026.8.31-cp312-cp312-musllinux_1_2_riscv64.whl", hash = "sha256:45537c0d48a84dd0f840ea7c308445ad1e83a04d28d6fc394d71ad24f9f55d2b", size = 765854, upload-time = "2026-08-30T21:51:33.73Z" },
    { url = "https://files.pythonhosted.org/packages/81/21/9f1784489ceee7595e8e8f462ad35abee4c1b3be67fb7b15bd6e3b182fa6/regex-2026.8.31-cp312-cp312-musllinux_1_2_s390x.whl", hash = "sha256:91a478b9a76b7f2b4cc704ec5f438041012ae7914716f8de0d56c11c9706203f", size = 852162, upload-time = "2026-08-30T21:51:35.311Z" },
    { url = "https://files.pythonhosted.org/packages/61/4d/9c6d202d7a1cce79c09a64e523bfafb430f504eca47fd02e738717fa1cd9/regex-2026.8.31-cp312-cp312-musllinux_1_2_x86_64.whl", hash = "sha256:3b3a020f2a43e9016624047ecc15cd0d472c11dfbe4d12fe030f574570467f35", size = 789779, upload-time = "2026-08-30T21:51:37.327Z" },
    { url = "https://files.pythonhosted.org/packages/49/d8/529dafd409a769f20a590d15de6493a67c390b1a79ea36e5d01273a3f0ce/regex-2026.8.31-cp312-cp312-win32.whl", hash = "sha256:c7ffcdf6fe74cedd4e36a9de2fb072b526a978e9b2d4fd2431edca96d80a67cd", size = 267156, upload-time = "2026-08-30T21:51:38.826Z" },
    { url = "https://files.pythonhosted.org/packages/c6/76/c40cb4154ab8afdd7a2047814b836ba71371983eeca3e71b7d0cb88a1668/regex-2026.8.31-cp312-cp312-win_amd64.whl", hash = "sha256:dbed5cea80c5a67c3f95f16d011d68174eb81a5efccf87a3ad0822b79d74baae", size = 277778, upload-time = "2026-08-30T21:51:40.331Z" },
    { url = "https://files.pythonhosted.org/packages/aa/9f/ba9318550dde9b5da72e5f0aad5b8f1926cbf7c8cfe613031e68ac73e93d/regex-2026.8.31-cp312-cp312-win_arm64.whl", hash = "sha256:b94165c6b98404ca40838852febd60df4fa6380dc0898f28dedaf5fca638e7ca", size = 277124, upload-time = "2026-08-30T21:51:41.769Z" },
    { url = "https://files.pythonhosted.org/packages/d9/6a/7d273b02dd8fd6be59db8446891067c100f6c80fb4b15e8aff05b268aed9/regex-2026.8.31-cp313-cp313-macosx_10_13_universal2.whl", hash = "sha256:dacc364aa1c06cb3fffb1705ff313cb3622c94d8c248f29e57bac2acadd77bf7", size = 496453, upload-time = "2026-08-30T21:51:43.375Z" },
    { url = "https://files.pythonhosted.org/packages/46/74/6c33611182d998bf40903e37ed2d7200935ed345956c376731460b7b02ea/regex-2026.8.31-cp313-cp313-macosx_10_13_x86_64.whl", hash = "sha256:0bb6121dbf90c7de42610459398a81cbb90bc870e2cc003248f3f2b65d45f2b6", size = 296927, upload-time = "2026-08-30T21:51:45.301Z" },
    { url = "https://files.pythonhosted.org/packages/d1/1b/b516e9dc4fb24f220f7db4c7be433de1bdffaba3f3666d160bfc76c4ee53/regex-2026.8.31-cp313-cp313-macosx_11_0_arm64.whl", hash = "sha256:98381539ee2dd88794f3ce6e40166f59b93e6e3ee9cd27dea9f2dd6b857f3dbc", size = 291796, upload-time = "2026-08-30T21:51:46.821Z" },
    { url = "https://files.pythonhosted.org/packages/93/63/0ebbffad4ea43c8d16b92aede2762b56fb27d2d31edac6182db47081586b/regex-2026.8.31-cp313-cp313-manylinux2014_aarch64.manylinux_2_17_aarch64.manylinux_2_28_aarch64.whl", hash = "sha256:c01865f6a72c776064e4f58030e59f925e5fef32066aab3cb1a97be191f7bdd1", size = 796135, upload-time = "2026-08-30T21:51:48.327Z" },
    { url = "https://files.pythonhosted.org/packages/b4/b6/8f77f1cc0105bf3c843e271a07b567ff2c273aad8a55727aac583b2223cb/regex-2026.8.31-cp313-cp313-manylinux2014_ppc64le.manylinux_2_17_ppc64le.manylinux_2_28_ppc64le.whl", hash = "sha256:fb7df717e6c9f2b59aebdf558242da87b2b5cd5961b9469efe8f01762dfe4cc1", size = 865434, upload-time = "2026-08-30T21:51:50.238Z" },
    { url = "https://files.pythonhosted.org/packages/d1/f2/86652ae5f3b85cef83f51bac23ea5396b0407a003224372ea69cd50ee9e0/regex-2026.8.31-cp313-cp313-manylinux2014_s390x.manylinux_2_17_s390x.manylinux_2_28_s390x.whl", hash = "sha256:98183eb943ebcd2e89fd9fcb4103bfafc5369cff9479561a5c96de2fe90cae68", size = 911856, upload-time = "2026-08-30T21:51:52.212Z" },
    { url = "https://files.pythonhosted.org/packages/b7/5e/4516280c9680e2e417fbb6c9f5c519de9d1d824b46a9feb134fdac3f47c8/regex-2026.8.31-cp313-cp313-manylinux2014_x86_64.manylinux_2_17_x86_64.manylinux_2_28_x86_64.whl", hash = "sha256:15e9e862c6e905ef66ea5f019deb5ac5fdeebf8fc134ea4c7b5d5c2eb7bdcdd8", size = 801950, upload-time = "2026-08-30T21:51:53.8Z" },
    { url = "https://files.pythonhosted.org/packages/d9/64/8ba43c9d15a5f9b1b7c60cd37e682ee519874d936925e4b43f0df20588f7/regex-2026.8.31-cp313-cp313-manylinux_2_31_riscv64.manylinux_2_39_riscv64.whl", hash = "sha256:52f03cd8f259d8fb482a9e142ad17c8d1c931a69a7a932922f2222df05875d59", size = 776098, upload-time = "2026-08-30T21:51:55.524Z" },
    { url = "https://files.pythonhosted.org/packages/27/d2/21dd99dc6e08c0ed80fd5d91218d92dc878137752cc7cbb675c4ff4cd2e8/regex-2026.8.31-cp313-cp313-musllinux_1_2_aarch64.whl", hash = "sha256:1e74e38c5a9ed3a70a0e0a89498eb664211b97c162d77b1131f37636779f36b4", size = 785123, upload-time = "2026-08-30T21:51:57.298Z" },
    { url = "https://files.pythonhosted.org/packages/55/eb/6ecc8b12d60377ee12c8f63f2f48f363640c228e50e61f88be09d39d5b16/regex-2026.8.31-cp313-cp313-musllinux_1_2_ppc64le.whl", hash = "sha256:18c7e0348286f5073867d339d7cab60ed200b77b48d7a9be4edbcdc2c996a62b", size = 860671, upload-time = "2026-08-30T21:51:58.957Z" },
    { url = "https://files.pythonhosted.org/packages/bb/3c/65f897e4f4265afaeb8f267520c2d0579c9388f6086a317e1a9e5a327008/regex-2026.8.31-cp313-cp313-musllinux_1_2_riscv64.whl", hash = "sha256:50a8677cca3d4df536776380161744d41ea5001f99cc2c4638e6b0625839fa61", size = 765845, upload-time = "2026-08-30T21:52:00.66Z" },
    { url = "https://files.pythonhosted.org/packages/ee/13/a273b364ffed4d1466093145dcae664aba7e794609225c1ee12f2e526f79/regex-2026.8.31-cp313-cp313-musllinux_1_2_s390x.whl", hash = "sha256:34c8d36a5f70c16e3f406ae1c93a47ea4b2a40e29b02639cf41915b6fea5ce26", size = 852097, upload-time = "2026-08-30T21:52:02.496Z" },
    { url = "https://files.pythonhosted.org/packages/60/4b/5eae1486d1faf93c8679499937934adcbdba980faf6ae13c20609d2524dc/regex-2026.8.31-cp313-cp313-musllinux_1_2_x86_64.whl", hash = "sha256:6fcbf68a10dd6a564c737147e013e5dea6180c032e3c363629cf4d0f9d258752", size = 789860, upload-time = "2026-08-30T21:52:04.217Z" },
    { url = "https://files.pythonhosted.org/packages/21/01/13bd449dfa3c7a55a7b18846fe7a9ea1ecac22d09b96de6cb9176147c00a/regex-2026.8.31-cp313-cp313-win32.whl", hash = "sha256:7010dae7e7064ee091703cafce0143693e56931bb3d21a82483bb96ad8a37751", size = 267134, upload-time = "2026-08-30T21:52:05.846Z" },
    { url = "https://files.pythonhosted.org/packages/f9/df/a86806d25689eda4b7bedf9460aab7d6642de99444aad3a72a2937bd4cef/regex-2026.8.31-cp313-cp313-win_amd64.whl", hash = "sha256:520b14582a59f43ba9ba595938349e70238009f8deb8c35d5bbfe33e44fd0ba9", size = 277747, upload-time = "2026-08-30T21:52:07.345Z" },
    { url = "https://files.pythonhosted.org/packages/f5/99/a9b15d87db372d1da4342979beb068d00c48fe0dbc81e1906efcbcd3d612/regex-2026.8.31-cp313-cp313-win_arm64.whl", hash = "sha256:ebe363e5c252dc9011b0380c9b0b8ef559573dcc325ec8f3165129d21af10b63", size = 277122, upload-time = "2026-08-30T21:52:09.288Z" },
    { url = "https://files.pythonhosted.org/packages/7d/09/478487f668c4d72dcbfb65eb7ad7d51a7102566f3430aad2feaeaea7111f/regex-2026.8.31-cp313-cp313t-macosx_10_13_universal2.whl", hash = "sha256:8d3e98b55372aa36b1e046a56a10f13cf0ef782ad6c86dbd64f3897c7e7a7a02", size = 501009, upload-time = "2026-08-30T21:52:10.817Z" },
    { url = "https://files.pythonhosted.org/packages/71/c8/83b661d8f980637077d3835f8004934ca5c63d9474ce4469d4028da87da1/regex-2026.8.31-cp313-cp313t-macosx_10_13_x86_64.whl", hash = "sha256:360c916117c988b120ba05aa106cd3c1aa7c0f4575a2db0d605d502b4ee334f4", size = 299309, upload-time = "2026-08-30T21:52:12.631Z" },
    { url = "https://files.pythonhosted.org/packages/d8/03/8814a03181de9ace8d4bea55a5e2ea660859f6a5a10bd166be03398e9c70/regex-2026.8.31-cp313-cp313t-macosx_11_0_arm64.whl", hash = "sha256:69fbc60c1c34790037cfd350dd1600436fdfea9ca221761c614fc5e633c7cabd", size = 294479, upload-time = "2026-08-30T21:52:14.333Z" },
    { url = "https://files.pythonhosted.org/packages/4d/25/b8fa6d66ff8846c8c7bdc0494cd565e9aa9b9091c76d626a36f588c68c2d/regex-2026.8.31-cp313-cp313t-manylinux2014_aarch64.manylinux_2_17_aarch64.manylinux_2_28_aarch64.whl", hash = "sha256:81391983ff052f922baebb0955a3be455d5731351b3a93e0638a8150bd44b8b5", size = 811269, upload-time = "2026-08-30T21:52:15.96Z" },
    { url = "https://files.pythonhosted.org/packages/5c/65/c58b0e1d3812220686238ede09d2e55cc4951ea9dad2bccfe0777ec07977/regex-2026.8.31-cp313-cp313t-manylinux2014_ppc64le.manylinux_2_17_ppc64le.manylinux_2_28_ppc64le.whl", hash = "sha256:a75efe8109ebfaa5574aff49882fe471287ecb7959d96d29660cec937e5af1ce", size = 870003, upload-time = "2026-08-30T21:52:17.637Z" },
    { url = "https://files.pythonhosted.org/packages/0e/ad/c8952c79b5f5dede338203df8e4d65b19f3c9666c9373f734912232298ba/regex-2026.8.31-cp313-cp313t-manylinux2014_s390x.manylinux_2_17_s390x.manylinux_2_28_s390x.whl", hash = "sha256:c72238cc48cd020f415e9dd3cba6c6b1af559d613358d282f7957cf61f0bcf6b", size = 917347, upload-time = "2026-08-30T21:52:19.415Z" },
    { url = "https://files.pythonhosted.org/packages/22/17/f0a3659876436693103f90034f8034d1f88081b202e97c7c5701e724d1ef/regex-2026.8.31-cp313-cp313t-manylinux2014_x86_64.manylinux_2_17_x86_64.manylinux_2_28_x86_64.whl", hash = "sha256:f2ecb87363dd9e13fa9def0a5c7a61ef5ccc952c08b99672e6f95fdb2463ccd9", size = 817467, upload-time = "2026-08-30T21:52:21.139Z" },
    { url = "https://files.pythonhosted.org/packages/0d/5a/0dfef43dc9d445fa827446463cdbcf9521530da33218f232ef1c3139d40d/regex-2026.8.31-cp313-cp313t-manylinux_2_31_riscv64.manylinux_2_39_riscv64.whl", hash = "sha256:2d28ad9d016ac681843b059ddca376b9ff833ec218c938035d925c8af44c6de7", size = 784248, upload-time = "2026-08-30T21:52:22.997Z" },
    { url = "https://files.pythonhosted.org/packages/d8/1b/24ee60d738bc30b307a4e4e8db707ff082b56945eba4d3d7121c7f582e1e/regex-2026.8.31-cp313-cp313t-musllinux_1_2_aarch64.whl", hash = "sha256:d84db4aaf4b5c5c4d512ce06420850c909865fa7d6223081dc8e9dbde7a83754", size = 800515, upload-time = "2026-08-30T21:52:25.926Z" },
    { url = "https://files.pythonhosted.org/packages/6e/ab/6c49a98a11bb8cfe6a66492566ad04e234a63beef157042d5a8ab6313bd8/regex-2026.8.31-cp313-cp313t-musllinux_1_2_ppc64le.whl", hash = "sha256:def853717c37661f59942c76ad06e060630f6e297257bcfb6f203d2daf497d41", size = 864780, upload-time = "2026-08-30T21:52:27.681Z" },
    { url = "https://files.pythonhosted.org/packages/32/1d/a7e66527ef3cde3780c1663b6b80aa0deea52cd65f62ce4da6200525e258/regex-2026.8.31-cp313-cp313t-musllinux_1_2_riscv64.whl", hash = "sha256:8b7f1bdf1f36555fa0317f4f6cbbd5312f886edf9f2a41c8c298ffb9ad9f4a1a", size = 772834, upload-time = "2026-08-30T21:52:29.503Z" },
    { url = "https://files.pythonhosted.org/packages/2a/9c/190868b79a4104b915b3bfb51d87a628615d0c319eba1c5749e0ebc00979/regex-2026.8.31-cp313-cp313t-musllinux_1_2_s390x.whl", hash = "sha256:ec9a66ed2ed23611dcfaa87a860f1511a56ded56f01dd161eeebddb6e25590c3", size = 858118, upload-time = "2026-08-30T21:52:31.341Z" },
    { url = "https://files.pythonhosted.org/packages/b4/a6/917dfc5b2e336b9094a654684e561fcbd4ebf5896527bcfb7e410d8ba685/regex-2026.8.31-cp313-cp313t-musllinux_1_2_x86_64.whl", hash = "sha256:3e139e792b016a614b9af4a43e036b259a8d32f751e9b5bda77b4af652ad8a17", size = 804644, upload-time = "2026-08-30T21:52:33.233Z" },
    { url = "https://files.pythonhosted.org/packages/37/ab/a84eccf7f66e7b6ebc76b71fee01de1f23e375cbede49aee697ecdecb9a5/regex-2026.8.31-cp313-cp313t-win32.whl", hash = "sha256:abd6b935adcd6c19733f20080a85972c6199cc9599dd8d16c9bbd1bbada569d8", size = 269144, upload-time = "2026-08-30T21:52:34.998Z" },
    { url = "https://files.pythonhosted.org/packages/2f/46/c12979077bdc243026b1710e26d829b8583f9edb5d242c02de7f0367e310/regex-2026.8.31-cp313-cp313t-win_amd64.whl", hash = "sha256:aea17d86e7581e589fb8c43b70dc5f6588b1897390442536697a551bc66e2fd6", size = 280045, upload-time = "2026-08-30T21:52:36.748Z" },
    { url = "https://files.pythonhosted.org/packages/c1/90/25fb58a341fde28fd041fd143c86ad6af03eb8cb58c6b00ace125e50a3a1/regex-2026.8.31-cp313-cp313t-win_arm64.whl", hash = "sha256:f9594423bace86d47d080ae92329315b977fe6466ac998e36a88563c9c6d0259", size = 279375, upload-time = "2026-08-30T21:52:38.443Z" },
    { url = "https://files.pythonhosted.org/packages/5b/af/d3d73f06949310a056807377d71aefc5b54e489f7896896cc376b51f1da4/regex-2026.8.31-cp314-cp314-macosx_10_13_universal2.whl", hash = "sha256:bb1ca9e722c7270fb4267abee42cf8cfa97bc8e361b73839a50f00fcd2b76636", size = 496671, upload-time = "2026-08-30T21:52:40.571Z" },
    { url = "https://files.pythonhosted.org/packages/9d/2b/9234a595ac443afeb60eff3fd79f01a6afffc7e1edcd1a8ce0979f03f75a/regex-2026.8.31-cp314-cp314-macosx_10_13_x86_64.whl", hash = "sha256:f078f774d094ea32302163419141fda36176b954069956296406ae1cf4b00222", size = 296981, upload-time = "2026-08-30T21:52:42.296Z" },
    { url = "https://files.pythonhosted.org/packages/75/39/9e25b8cfab88a9a5bdf4344fa0fcbb3b66bb1ed65cf4392a2150c31b6809/regex-2026.8.31-cp314-cp314-macosx_11_0_arm64.whl", hash = "sha256:75cc2d43987040df8655c25b47c1d452c7d59b28df108d7b2c19a003d021601f", size = 292017, upload-time = "2026-08-30T21:52:44.048Z" },
    { url = "https://files.pythonhosted.org/packages/48/dc/ba5d67075d2d159ba0eb65b3a7370a08904ea3db649977bbce9f58901c0d/regex-2026.8.31-cp314-cp314-manylinux2014_aarch64.manylinux_2_17_aarch64.manylinux_2_28_aarch64.whl", hash = "sha256:bb392c55059edb1bda593ee12218f5198a337535ff5e52f806c224c57b98716b", size = 796344, upload-time = "2026-08-30T21:52:46.119Z" },
    { url = "https://files.pythonhosted.org/packages/05/4c/47390fe99de8cb09517295900b6ca030c45fa9728713b9fa960b8272d19d/regex-2026.8.31-cp314-cp314-manylinux2014_ppc64le.manylinux_2_17_ppc64le.manylinux_2_28_ppc64le.whl", hash = "sha256:4301de5a58a28fe95b6a865d3b97b5cea073bb4c6ad743211c32b004f32d5096", size = 866284, upload-time = "2026-08-30T21:52:48.215Z" },
    { url = "https://files.pythonhosted.org/packages/26/ed/bd428f8e68a884ef19c53484eb09ebd2bb872f8685eb0e0ed2891536c812/regex-2026.8.31-cp314-cp314-manylinux2014_s390x.manylinux_2_17_s390x.manylinux_2_28_s390x.whl", hash = "sha256:cf427a3bebc873a2601601fc5e8453d1396b52d694ad65788fa2b22fe7b0f920", size = 911842, upload-time = "2026-08-30T21:52:50.229Z" },
    { url = "https://files.pythonhosted.org/packages/56/90/c8fabe3b542840c29fe102ad55bb328392fa578438061055955ceddc4add/regex-2026.8.31-cp314-cp314-manylinux2014_x86_64.manylinux_2_17_x86_64.manylinux_2_28_x86_64.whl", hash = "sha256:897c2e301226fdfaf1a0c68219607718c40699df82dff09fd366b489b4c6e6d8", size = 801396, upload-time = "2026-08-30T21:52:52.121Z" },
    { url = "https://files.pythonhosted.org/packages/5c/49/fa509b9f86347d3bf6099ad14a3e789a0ac426d47b6aee0d4de677e7afdb/regex-2026.8.31-cp314-cp314-manylinux_2_31_riscv64.manylinux_2_39_riscv64.whl", hash = "sha256:95c25f91b7c3f8121946e175a731eccf097dfeff065ab1204dbaad1ebf8ada6e", size = 776287, upload-time = "2026-08-30T21:52:54.166Z" },
    { url = "https://files.pythonhosted.org/packages/27/38/119cab4471ef421d47bc5cc5adf6dda3a945541771ecc4a9f9ae53b92b0e/regex-2026.8.31-cp314-cp314-musllinux_1_2_aarch64.whl", hash = "sha256:75b888caf9469df3826876ae0e2f92f37e7bbad0455cfa028852d99815af9dd0", size = 785680, upload-time = "2026-08-30T21:52:56.256Z" },
    { url = "https://files.pythonhosted.org/packages/75/97/7e12d5ff253b82b547f6ea74ee43fe1a8b34d89ce647fdd62297bdfc56a5/regex-2026.8.31-cp314-cp314-musllinux_1_2_ppc64le.whl", hash = "sha256:66df1812cf0fd5f0f59e4341c54247a15397354ee01231e1c2620b08032f3361", size = 861283, upload-time = "2026-08-30T21:52:58.241Z" },
    { url = "https://files.pythonhosted.org/packages/09/63/32b0e06ebac7ba40ef8a2d5a03024dc7261cc9dc37309c82dc937b4bd83c/regex-2026.8.31-cp314-cp314-musllinux_1_2_riscv64.whl", hash = "sha256:45b0450d6ae52e2dfcdb5e58987b829ed5fc01b709fc5ff09a1e81ab13c5262a", size = 766205, upload-time = "2026-08-30T21:53:00.533Z" },
    { url = "https://files.pythonhosted.org/packages/55/09/af4850367bbbe0c5b9803e5fbf0261b8aa7bda3ee9902af839abc04d3e9d/regex-2026.8.31-cp314-cp314-musllinux_1_2_s390x.whl", hash = "sha256:073b9cb8c44e197a4d1d8b819a3329f6b20866d83d2700f78b9d33e1f1a75116", size = 851584, upload-time = "2026-08-30T21:53:02.632Z" },
    { url = "https://files.pythonhosted.org/packages/24/40/e790ea5b93ecb85cc74a129402e0d0f519e51cca5bf24b9dfad736b851cf/regex-2026.8.31-cp314-cp314-musllinux_1_2_x86_64.whl", hash = "sha256:4c3ac1eec883a1d0fbba167e90bb1beb72289e765966b464f9b333090dfcae2e", size = 789438, upload-time = "2026-08-30T21:53:04.499Z" },
    { url = "https://files.pythonhosted.org/packages/7a/c3/0b6c7130af0295ac2cbcdf2ad87242cf9e32ef7605e96be8f2a65c14b89a/regex-2026.8.31-cp314-cp314-win32.whl", hash = "sha256:ed723dc78dd6f676f38083bd86194dbe91befd8c3ecb9cd2f47147bfe7d26dd1", size = 272537, upload-time = "2026-08-30T21:53:06.46Z" },
    { url = "https://files.pythonhosted.org/packages/e1/d0/663767a7492976ccc8421979ef838389c50bbe6668c2318b91cffa8aaf94/regex-2026.8.31-cp314-cp314-win_amd64.whl", hash = "sha256:d27a3bdd19aa00974ac53ba14faea80ecef412f2d957c0071a869d7baea820f4", size = 280831, upload-time = "2026-08-30T21:53:08.364Z" },
    { url = "https://files.pythonhosted.org/packages/f1/1d/c8861836a15ead6b4b5cde4f6b5b7306beaaee7f033cc142adcdd9cd8591/regex-2026.8.31-cp314-cp314-win_arm64.whl", hash = "sha256:79c7b6bd11620dc722a94e160965fa0e64124ca8841afaf9683d8fa659431cf5", size = 281105, upload-time = "2026-08-30T21:53:10.854Z" },
    { url = "https://files.pythonhosted.org/packages/78/65/0c346ae04ac7de00aa13cf2e7f61d3a81fa21651436a407663302376d442/regex-2026.8.31-cp314-cp314t-macosx_10_13_universal2.whl", hash = "sha256:b40aee7f8df89d239943a932bfb53809f6b2c2ad53c049ee329100a54d3e1cfd", size = 500977, upload-time = "2026-08-30T21:53:12.725Z" },
    { url = "https://files.pythonhosted.org/packages/9d/e3/23e9089a19c3e3dae6928c2c42c94e6ac594d2bed4a6a95f41323e9b3501/regex-2026.8.31-cp314-cp314t-macosx_10_13_x86_64.whl", hash = "sha256:6d5537087013e5ce841b9d0f19a564f18f33fa79489a7e8865f5a38ba2a4de7d", size = 299307, upload-time = "2026-08-30T21:53:14.702Z" },
    { url = "https://files.pythonhosted.org/packages/55/b6/038042b65dd3ef2e6885f6836733cea8156df300607d60d5f8a033e3f892/regex-2026.8.31-cp314-cp314t-macosx_11_0_arm64.whl", hash = "sha256:026a7cd6c20a2a5bf3249a4a1c7f076af86b17188e2ffd17722e2ed24f433f9a", size = 294436, upload-time = "2026-08-30T21:53:16.446Z" },
    { url = "https://files.pythonhosted.org/packages/c0/ba/f2ea0d5f88eed2152068acabfa5076ccb64f301951d742caefdd49b47aa0/regex-2026.8.31-cp314-cp314t-manylinux2014_aarch64.manylinux_2_17_aarch64.manylinux_2_28_aarch64.whl", hash = "sha256:0ec77a1ce2350c74fe3821d1c6555107d41f6969c369f4ee197a10cec97632ec", size = 811448, upload-time = "2026-08-30T21:53:18.556Z" },
    { url = "https://files.pythonhosted.org/packages/48/ec/dfef1495f72076ac0783e7fa3937b73a3840b664cfe400cb2d42469f4bfe/regex-2026.8.31-cp314-cp314t-manylinux2014_ppc64le.manylinux_2_17_ppc64le.manylinux_2_28_ppc64le.whl", hash = "sha256:868d9113a744f2bfffa31197cadcda5b7fc3951a8621dd5899f9c0e4208ca196", size = 870104, upload-time = "2026-08-30T21:53:20.969Z" },
    { url = "https://files.pythonhosted.org/packages/08/9e/eac90118ccc2feac907042d9389b7a90ac855b03d18e96ac13f409eb595f/regex-2026.8.31-cp314-cp314t-manylinux2014_s390x.manylinux_2_17_s390x.manylinux_2_28_s390x.whl", hash = "sha256:cf6c32d2a6bdaac692915ab81f28b62525d937abeac80149260db2c904a5df97", size = 917558, upload-time = "2026-08-30T21:53:22.863Z" },
    { url = "https://files.pythonhosted.org/packages/32/31/c1f9753eeffd331bb639b556fd3d56bb38153bf4b9929bc02525d822d5ef/regex-2026.8.31-cp314-cp314t-manylinux2014_x86_64.manylinux_2_17_x86_64.manylinux_2_28_x86_64.whl", hash = "sha256:a55bfb3914b760d5103d313a1053d301b2776f4677eb7f4d09f6420c625d97dd", size = 817492, upload-time = "2026-08-30T21:53:24.892Z" },
    { url = "https://files.pythonhosted.org/packages/ca/ec/ee31f2579b9d91b14a5532009b588795422fa7a2aa60e95f026924f6f01d/regex-2026.8.31-cp314-cp314t-manylinux_2_31_riscv64.manylinux_2_39_riscv64.whl", hash = "sha256:0087dfa879bf01c5eb290848c7de22f717d8d4218a997080e63ae4813bc55104", size = 784604, upload-time = "2026-08-30T21:53:27.234Z" },
    { url = "https://files.pythonhosted.org/packages/c5/d2/f56b717d892990879247f12257897718e65c3afab7f5ed7841edca53e8b6/regex-2026.8.31-cp314-cp314t-musllinux_1_2_aarch64.whl", hash = "sha256:a54f6b1b418e40b908ff9b9dd3e5fa638a2bd1bbe6e24180dc097c92b1deed0f", size = 800619, upload-time = "2026-08-30T21:53:29.988Z" },
    { url = "https://files.pythonhosted.org/packages/05/e0/43fddd7425cd02abfa2f6265e1fe4e252ecb219b65d6c9559f1a2c13b2c8/regex-2026.8.31-cp314-cp314t-musllinux_1_2_ppc64le.whl", hash = "sha256:69c42c35758cf46c31d976d63c79fbbcb114fe192aa4c721c734204d0e3d7555", size = 864815, upload-time = "2026-08-30T21:53:32.187Z" },
    { url = "https://files.pythonhosted.org/packages/f5/af/33597396a12bd33f82307d1fa615561c16e5b14c95190291c0242e2a0d3b/regex-2026.8.31-cp314-cp314t-musllinux_1_2_riscv64.whl", hash = "sha256:d9759f4cc91880cfafdb11b7b2bc83e34f2f16d103fd94f936d804cbfdb9c1aa", size = 772922, upload-time = "2026-08-30T21:53:34.25Z" },
    { url = "https://files.pythonhosted.org/packages/18/87/f43fc5b3ce2d3e36e5d6196d733495c1f260b6309af191a3d9e1ded15be8/regex-2026.8.31-cp314-cp314t-musllinux_1_2_s390x.whl", hash = "sha256:d59beef8054a851b2a3f42f56f94770981973699ab4c7f0b5f6984c26205b76c", size = 858233, upload-time = "2026-08-30T21:53:36.192Z" },
    { url = "https://files.pythonhosted.org/packages/1c/fc/6180e4b0a4868869add0442ae2fbbc069100c54d9be0e017d6b035cd6907/regex-2026.8.31-cp314-cp314t-musllinux_1_2_x86_64.whl", hash = "sha256:8b6bcc66372b493faa2b6153cd16a44db3bfa316411f81c4ba5d0ffa693244df", size = 804757, upload-time = "2026-08-30T21:53:38.26Z" },
    { url = "https://files.pythonhosted.org/packages/c5/d3/aab232b8320a996716a72ba8676c501378c06bdf8dfd85ec2e55f6281b77/regex-2026.8.31-cp314-cp314t-win32.whl", hash = "sha256:241c614ab811e29f2e67e2828404dd10a2dc675ec2c75a6017ec310fd09117b9", size = 274528, upload-time = "2026-08-30T21:53:40.764Z" },
    { url = "https://files.pythonhosted.org/packages/16/a4/15e5c63c0dda6536604dd5f7fcff5c2db76a64dcc35fe06425ac77c519b2/regex-2026.8.31-cp314-cp314t-win_amd64.whl", hash = "sha256:222c906a555bdbd5322f15778bb2b4f238c26e1d52c9445f1e50f5e4452909b3", size = 283810, upload-time = "2026-08-30T21:53:42.78Z" },
    { url = "https://files.pythonhosted.org/packages/12/3c/8f976c417d1cd5afa21ee1f8c458651f71ee5588646e98094719db1c0d7d/regex-2026.8.31-cp314-cp314t-win_arm64.whl", hash = "sha256:43581e1f0c1f624cb7e2e8195c443f6e3004fc376bd12d644cdc8e613c973323", size = 283452, upload-time = "2026-08-30T21:53:45.149Z" },
]

[[package]]
name = "tabulate"
version = "0.10.0"
source = { registry = "https://pypi.org/simple" }
sdist = { url = "https://files.pythonhosted.org/packages/46/58/8c37dea7bbf769b20d58e7ace7e5edfe65b849442b00ffcdd56be88697c6/tabulate-0.10.0.tar.gz", hash = "sha256:e2cfde8f79420f6deeffdeda9aaec3b6bc5abce947655d17ac662b126e48a60d", size = 91754, upload-time = "2026-03-04T18:55:34.402Z" }
wheels = [
    { url = "https://files.pythonhosted.org/packages/99/55/db07de81b5c630da5cbf5c7df646580ca26dfaefa593667fc6f2fe016d2e/tabulate-0.10.0-py3-none-any.whl", hash = "sha256:f0b0622e567335c8fabaaa659f1b33bcb6ddfe2e496071b743aa113f8774f2d3", size = 39814, upload-time = "2026-03-04T18:55:31.284Z" },
]
